// !$*UTF8*$!
{
	archiveVersion = 1;
	classes = {
	};
	objectVersion = 56;
	objects = {

/* Begin PBXBuildFile section */
		191465FB29CE3C7C00EE9A6B /* TextStyle.swift in Sources */ = {isa = PBXBuildFile; fileRef = 191465FA29CE3C7C00EE9A6B /* TextStyle.swift */; };
		191465FD29CE4C8400EE9A6B /* DataColor.swift in Sources */ = {isa = PBXBuildFile; fileRef = 191465FC29CE4C8400EE9A6B /* DataColor.swift */; };
		1924499929CCDE1D0025FE8F /* ConsultasSheetView.swift in Sources */ = {isa = PBXBuildFile; fileRef = 1924499829CCDE1D0025FE8F /* ConsultasSheetView.swift */; };
		1924499B29CCDE940025FE8F /* ActionButton.swift in Sources */ = {isa = PBXBuildFile; fileRef = 1924499A29CCDE940025FE8F /* ActionButton.swift */; };
		1924499D29CCEFFC0025FE8F /* DadosConsultaText.swift in Sources */ = {isa = PBXBuildFile; fileRef = 1924499C29CCEFFC0025FE8F /* DadosConsultaText.swift */; };
		1927E21829C9013900BE7BAD /* CardAppointment.swift in Sources */ = {isa = PBXBuildFile; fileRef = 1927E21729C9013900BE7BAD /* CardAppointment.swift */; };
		192B30D329CA3A89008280E4 /* DateCard.swift in Sources */ = {isa = PBXBuildFile; fileRef = 192B30D229CA3A89008280E4 /* DateCard.swift */; };
		192B30D529CA4028008280E4 /* DetailCard.swift in Sources */ = {isa = PBXBuildFile; fileRef = 192B30D429CA4028008280E4 /* DetailCard.swift */; };
		19C09F4B29D5349100CB2021 /* PhotoImporter.swift in Sources */ = {isa = PBXBuildFile; fileRef = 19C09F4A29D5349100CB2021 /* PhotoImporter.swift */; };
		19C185C829CBA9A000F3A95C /* ConsultasView.swift in Sources */ = {isa = PBXBuildFile; fileRef = 19C185C729CBA9A000F3A95C /* ConsultasView.swift */; };
		4D1F758429CA2B2300724C58 /* InfoView.swift in Sources */ = {isa = PBXBuildFile; fileRef = 4D1F758329CA2B2300724C58 /* InfoView.swift */; };
		4D1F758629CA513700724C58 /* TermosView.swift in Sources */ = {isa = PBXBuildFile; fileRef = 4D1F758529CA513700724C58 /* TermosView.swift */; };
		4D1F758829CA51B500724C58 /* PrivacidadeView.swift in Sources */ = {isa = PBXBuildFile; fileRef = 4D1F758729CA51B500724C58 /* PrivacidadeView.swift */; };
		4D1F758A29CA51C200724C58 /* ContatoView.swift in Sources */ = {isa = PBXBuildFile; fileRef = 4D1F758929CA51C200724C58 /* ContatoView.swift */; };
		4D1F758C29CA51CF00724C58 /* ConfiguracoesView.swift in Sources */ = {isa = PBXBuildFile; fileRef = 4D1F758B29CA51CF00724C58 /* ConfiguracoesView.swift */; };
		4D1F759029CB986300724C58 /* HistoricoView.swift in Sources */ = {isa = PBXBuildFile; fileRef = 4D1F758F29CB986300724C58 /* HistoricoView.swift */; };
		4D1F759229CCB97700724C58 /* AddConsultaView.swift in Sources */ = {isa = PBXBuildFile; fileRef = 4D1F759129CCB97700724C58 /* AddConsultaView.swift */; };
		4D1F759429CCBB5500724C58 /* TextFieldCustom.swift in Sources */ = {isa = PBXBuildFile; fileRef = 4D1F759329CCBB5500724C58 /* TextFieldCustom.swift */; };
		4D1F759629CCE1DE00724C58 /* AddButton.swift in Sources */ = {isa = PBXBuildFile; fileRef = 4D1F759529CCE1DE00724C58 /* AddButton.swift */; };
		4D1F759829CCEA1100724C58 /* DatePickerComponent.swift in Sources */ = {isa = PBXBuildFile; fileRef = 4D1F759729CCEA1100724C58 /* DatePickerComponent.swift */; };
		4D3E2EDA29D246BE00F635B8 /* EditarView.swift in Sources */ = {isa = PBXBuildFile; fileRef = 4D3E2ED929D246BE00F635B8 /* EditarView.swift */; };
		4D9EE8DF29C8EDBE0046483A /* miniChallenge3App.swift in Sources */ = {isa = PBXBuildFile; fileRef = 4D9EE8DE29C8EDBE0046483A /* miniChallenge3App.swift */; };
		4D9EE8E129C8EDBE0046483A /* ContentView.swift in Sources */ = {isa = PBXBuildFile; fileRef = 4D9EE8E029C8EDBE0046483A /* ContentView.swift */; };
		4D9EE8E329C8EDC00046483A /* Assets.xcassets in Resources */ = {isa = PBXBuildFile; fileRef = 4D9EE8E229C8EDC00046483A /* Assets.xcassets */; };
		4D9EE8E629C8EDC00046483A /* Preview Assets.xcassets in Resources */ = {isa = PBXBuildFile; fileRef = 4D9EE8E529C8EDC00046483A /* Preview Assets.xcassets */; };
		4D9EE8E829C8EDC00046483A /* Persistence.swift in Sources */ = {isa = PBXBuildFile; fileRef = 4D9EE8E729C8EDC00046483A /* Persistence.swift */; };
		4D9EE8EB29C8EDC00046483A /* miniChallenge3.xcdatamodeld in Sources */ = {isa = PBXBuildFile; fileRef = 4D9EE8E929C8EDC00046483A /* miniChallenge3.xcdatamodeld */; };
		4D9EE8F629C8EDC00046483A /* miniChallenge3Tests.swift in Sources */ = {isa = PBXBuildFile; fileRef = 4D9EE8F529C8EDC00046483A /* miniChallenge3Tests.swift */; };
		4D9EE90029C8EDC00046483A /* miniChallenge3UITests.swift in Sources */ = {isa = PBXBuildFile; fileRef = 4D9EE8FF29C8EDC00046483A /* miniChallenge3UITests.swift */; };
		4D9EE90229C8EDC00046483A /* miniChallenge3UITestsLaunchTests.swift in Sources */ = {isa = PBXBuildFile; fileRef = 4D9EE90129C8EDC00046483A /* miniChallenge3UITestsLaunchTests.swift */; };
		4D9EE91529CA1DC60046483A /* RectangleButton.swift in Sources */ = {isa = PBXBuildFile; fileRef = 4D9EE91429CA1DC60046483A /* RectangleButton.swift */; };
		4DC4937529D38A4F00653B0D /* PickerComponent.swift in Sources */ = {isa = PBXBuildFile; fileRef = 4DC4937429D38A4F00653B0D /* PickerComponent.swift */; };
		4DC4937729D38B2000653B0D /* SpecialtyList.swift in Sources */ = {isa = PBXBuildFile; fileRef = 4DC4937629D38B2000653B0D /* SpecialtyList.swift */; };
		4DC4937929D38F8800653B0D /* SquareButton.swift in Sources */ = {isa = PBXBuildFile; fileRef = 4DC4937829D38F8800653B0D /* SquareButton.swift */; };
		4DC4937B29D4B50B00653B0D /* DetalheHistoricoView.swift in Sources */ = {isa = PBXBuildFile; fileRef = 4DC4937A29D4B50B00653B0D /* DetalheHistoricoView.swift */; };
		4DC4937D29D5F0C300653B0D /* SplashView.swift in Sources */ = {isa = PBXBuildFile; fileRef = 4DC4937C29D5F0C300653B0D /* SplashView.swift */; };
		8832B9C829CA2787009B9FF7 /* CustomTabBar.swift in Sources */ = {isa = PBXBuildFile; fileRef = 8832B9C729CA2787009B9FF7 /* CustomTabBar.swift */; };
		8832B9CA29CA2838009B9FF7 /* CircleButton.swift in Sources */ = {isa = PBXBuildFile; fileRef = 8832B9C929CA2838009B9FF7 /* CircleButton.swift */; };
		88CA687729D4777800986D90 /* AppointmentRowView.swift in Sources */ = {isa = PBXBuildFile; fileRef = 88CA687629D4777800986D90 /* AppointmentRowView.swift */; };
		88CD5DB029D77CAA00400CF8 /* HistoricVM.swift in Sources */ = {isa = PBXBuildFile; fileRef = 88CD5DAF29D77CAA00400CF8 /* HistoricVM.swift */; };
		88E0780729D2164200856256 /* DataModelManager.swift in Sources */ = {isa = PBXBuildFile; fileRef = 88E0780629D2164200856256 /* DataModelManager.swift */; };
/* End PBXBuildFile section */

/* Begin PBXContainerItemProxy section */
		4D9EE8F229C8EDC00046483A /* PBXContainerItemProxy */ = {
			isa = PBXContainerItemProxy;
			containerPortal = 4D9EE8D329C8EDBE0046483A /* Project object */;
			proxyType = 1;
			remoteGlobalIDString = 4D9EE8DA29C8EDBE0046483A;
			remoteInfo = miniChallenge3;
		};
		4D9EE8FC29C8EDC00046483A /* PBXContainerItemProxy */ = {
			isa = PBXContainerItemProxy;
			containerPortal = 4D9EE8D329C8EDBE0046483A /* Project object */;
			proxyType = 1;
			remoteGlobalIDString = 4D9EE8DA29C8EDBE0046483A;
			remoteInfo = miniChallenge3;
		};
/* End PBXContainerItemProxy section */

/* Begin PBXFileReference section */
		191465FA29CE3C7C00EE9A6B /* TextStyle.swift */ = {isa = PBXFileReference; lastKnownFileType = sourcecode.swift; path = TextStyle.swift; sourceTree = "<group>"; };
		191465FC29CE4C8400EE9A6B /* DataColor.swift */ = {isa = PBXFileReference; lastKnownFileType = sourcecode.swift; path = DataColor.swift; sourceTree = "<group>"; };
		1924499829CCDE1D0025FE8F /* ConsultasSheetView.swift */ = {isa = PBXFileReference; lastKnownFileType = sourcecode.swift; path = ConsultasSheetView.swift; sourceTree = "<group>"; };
		1924499A29CCDE940025FE8F /* ActionButton.swift */ = {isa = PBXFileReference; lastKnownFileType = sourcecode.swift; path = ActionButton.swift; sourceTree = "<group>"; };
		1924499C29CCEFFC0025FE8F /* DadosConsultaText.swift */ = {isa = PBXFileReference; lastKnownFileType = sourcecode.swift; path = DadosConsultaText.swift; sourceTree = "<group>"; };
		1927E21729C9013900BE7BAD /* CardAppointment.swift */ = {isa = PBXFileReference; lastKnownFileType = sourcecode.swift; path = CardAppointment.swift; sourceTree = "<group>"; wrapsLines = 0; };
		192B30D229CA3A89008280E4 /* DateCard.swift */ = {isa = PBXFileReference; lastKnownFileType = sourcecode.swift; path = DateCard.swift; sourceTree = "<group>"; };
		192B30D429CA4028008280E4 /* DetailCard.swift */ = {isa = PBXFileReference; lastKnownFileType = sourcecode.swift; path = DetailCard.swift; sourceTree = "<group>"; };
		19C09F4A29D5349100CB2021 /* PhotoImporter.swift */ = {isa = PBXFileReference; lastKnownFileType = sourcecode.swift; path = PhotoImporter.swift; sourceTree = "<group>"; };
		19C185C729CBA9A000F3A95C /* ConsultasView.swift */ = {isa = PBXFileReference; lastKnownFileType = sourcecode.swift; path = ConsultasView.swift; sourceTree = "<group>"; };
		4D1F758329CA2B2300724C58 /* InfoView.swift */ = {isa = PBXFileReference; lastKnownFileType = sourcecode.swift; path = InfoView.swift; sourceTree = "<group>"; };
		4D1F758529CA513700724C58 /* TermosView.swift */ = {isa = PBXFileReference; lastKnownFileType = sourcecode.swift; path = TermosView.swift; sourceTree = "<group>"; };
		4D1F758729CA51B500724C58 /* PrivacidadeView.swift */ = {isa = PBXFileReference; lastKnownFileType = sourcecode.swift; path = PrivacidadeView.swift; sourceTree = "<group>"; };
		4D1F758929CA51C200724C58 /* ContatoView.swift */ = {isa = PBXFileReference; lastKnownFileType = sourcecode.swift; path = ContatoView.swift; sourceTree = "<group>"; };
		4D1F758B29CA51CF00724C58 /* ConfiguracoesView.swift */ = {isa = PBXFileReference; lastKnownFileType = sourcecode.swift; path = ConfiguracoesView.swift; sourceTree = "<group>"; };
		4D1F758F29CB986300724C58 /* HistoricoView.swift */ = {isa = PBXFileReference; lastKnownFileType = sourcecode.swift; path = HistoricoView.swift; sourceTree = "<group>"; };
		4D1F759129CCB97700724C58 /* AddConsultaView.swift */ = {isa = PBXFileReference; lastKnownFileType = sourcecode.swift; path = AddConsultaView.swift; sourceTree = "<group>"; };
		4D1F759329CCBB5500724C58 /* TextFieldCustom.swift */ = {isa = PBXFileReference; lastKnownFileType = sourcecode.swift; path = TextFieldCustom.swift; sourceTree = "<group>"; };
		4D1F759529CCE1DE00724C58 /* AddButton.swift */ = {isa = PBXFileReference; lastKnownFileType = sourcecode.swift; path = AddButton.swift; sourceTree = "<group>"; };
		4D1F759729CCEA1100724C58 /* DatePickerComponent.swift */ = {isa = PBXFileReference; lastKnownFileType = sourcecode.swift; path = DatePickerComponent.swift; sourceTree = "<group>"; };
		4D3E2ED929D246BE00F635B8 /* EditarView.swift */ = {isa = PBXFileReference; lastKnownFileType = sourcecode.swift; path = EditarView.swift; sourceTree = "<group>"; };
		4D9EE8DB29C8EDBE0046483A /* miniChallenge3.app */ = {isa = PBXFileReference; explicitFileType = wrapper.application; includeInIndex = 0; path = miniChallenge3.app; sourceTree = BUILT_PRODUCTS_DIR; };
		4D9EE8DE29C8EDBE0046483A /* miniChallenge3App.swift */ = {isa = PBXFileReference; lastKnownFileType = sourcecode.swift; path = miniChallenge3App.swift; sourceTree = "<group>"; };
		4D9EE8E029C8EDBE0046483A /* ContentView.swift */ = {isa = PBXFileReference; lastKnownFileType = sourcecode.swift; path = ContentView.swift; sourceTree = "<group>"; };
		4D9EE8E229C8EDC00046483A /* Assets.xcassets */ = {isa = PBXFileReference; lastKnownFileType = folder.assetcatalog; path = Assets.xcassets; sourceTree = "<group>"; };
		4D9EE8E529C8EDC00046483A /* Preview Assets.xcassets */ = {isa = PBXFileReference; lastKnownFileType = folder.assetcatalog; path = "Preview Assets.xcassets"; sourceTree = "<group>"; };
		4D9EE8E729C8EDC00046483A /* Persistence.swift */ = {isa = PBXFileReference; lastKnownFileType = sourcecode.swift; path = Persistence.swift; sourceTree = "<group>"; };
		4D9EE8EA29C8EDC00046483A /* miniChallenge3.xcdatamodel */ = {isa = PBXFileReference; lastKnownFileType = wrapper.xcdatamodel; path = miniChallenge3.xcdatamodel; sourceTree = "<group>"; };
		4D9EE8EC29C8EDC00046483A /* Info.plist */ = {isa = PBXFileReference; lastKnownFileType = text.plist.xml; path = Info.plist; sourceTree = "<group>"; };
		4D9EE8F129C8EDC00046483A /* miniChallenge3Tests.xctest */ = {isa = PBXFileReference; explicitFileType = wrapper.cfbundle; includeInIndex = 0; path = miniChallenge3Tests.xctest; sourceTree = BUILT_PRODUCTS_DIR; };
		4D9EE8F529C8EDC00046483A /* miniChallenge3Tests.swift */ = {isa = PBXFileReference; lastKnownFileType = sourcecode.swift; path = miniChallenge3Tests.swift; sourceTree = "<group>"; };
		4D9EE8FB29C8EDC00046483A /* miniChallenge3UITests.xctest */ = {isa = PBXFileReference; explicitFileType = wrapper.cfbundle; includeInIndex = 0; path = miniChallenge3UITests.xctest; sourceTree = BUILT_PRODUCTS_DIR; };
		4D9EE8FF29C8EDC00046483A /* miniChallenge3UITests.swift */ = {isa = PBXFileReference; lastKnownFileType = sourcecode.swift; path = miniChallenge3UITests.swift; sourceTree = "<group>"; };
		4D9EE90129C8EDC00046483A /* miniChallenge3UITestsLaunchTests.swift */ = {isa = PBXFileReference; lastKnownFileType = sourcecode.swift; path = miniChallenge3UITestsLaunchTests.swift; sourceTree = "<group>"; };
		4D9EE91329C90EC30046483A /* miniChallenge3.entitlements */ = {isa = PBXFileReference; lastKnownFileType = text.plist.entitlements; path = miniChallenge3.entitlements; sourceTree = "<group>"; };
		4D9EE91429CA1DC60046483A /* RectangleButton.swift */ = {isa = PBXFileReference; lastKnownFileType = sourcecode.swift; path = RectangleButton.swift; sourceTree = "<group>"; };
		4DC4937429D38A4F00653B0D /* PickerComponent.swift */ = {isa = PBXFileReference; lastKnownFileType = sourcecode.swift; path = PickerComponent.swift; sourceTree = "<group>"; };
		4DC4937629D38B2000653B0D /* SpecialtyList.swift */ = {isa = PBXFileReference; lastKnownFileType = sourcecode.swift; path = SpecialtyList.swift; sourceTree = "<group>"; };
		4DC4937829D38F8800653B0D /* SquareButton.swift */ = {isa = PBXFileReference; lastKnownFileType = sourcecode.swift; path = SquareButton.swift; sourceTree = "<group>"; };
		4DC4937A29D4B50B00653B0D /* DetalheHistoricoView.swift */ = {isa = PBXFileReference; lastKnownFileType = sourcecode.swift; path = DetalheHistoricoView.swift; sourceTree = "<group>"; };
		4DC4937C29D5F0C300653B0D /* SplashView.swift */ = {isa = PBXFileReference; lastKnownFileType = sourcecode.swift; path = SplashView.swift; sourceTree = "<group>"; };
		8832B9C729CA2787009B9FF7 /* CustomTabBar.swift */ = {isa = PBXFileReference; lastKnownFileType = sourcecode.swift; path = CustomTabBar.swift; sourceTree = "<group>"; };
		8832B9C929CA2838009B9FF7 /* CircleButton.swift */ = {isa = PBXFileReference; lastKnownFileType = sourcecode.swift; path = CircleButton.swift; sourceTree = "<group>"; };
		88CA687629D4777800986D90 /* AppointmentRowView.swift */ = {isa = PBXFileReference; lastKnownFileType = sourcecode.swift; path = AppointmentRowView.swift; sourceTree = "<group>"; };
		88CD5DAF29D77CAA00400CF8 /* HistoricVM.swift */ = {isa = PBXFileReference; lastKnownFileType = sourcecode.swift; path = HistoricVM.swift; sourceTree = "<group>"; };
		88E0780629D2164200856256 /* DataModelManager.swift */ = {isa = PBXFileReference; lastKnownFileType = sourcecode.swift; path = DataModelManager.swift; sourceTree = "<group>"; };
/* End PBXFileReference section */

/* Begin PBXFrameworksBuildPhase section */
		4D9EE8D829C8EDBE0046483A /* Frameworks */ = {
			isa = PBXFrameworksBuildPhase;
			buildActionMask = 2147483647;
			files = (
			);
			runOnlyForDeploymentPostprocessing = 0;
		};
		4D9EE8EE29C8EDC00046483A /* Frameworks */ = {
			isa = PBXFrameworksBuildPhase;
			buildActionMask = 2147483647;
			files = (
			);
			runOnlyForDeploymentPostprocessing = 0;
		};
		4D9EE8F829C8EDC00046483A /* Frameworks */ = {
			isa = PBXFrameworksBuildPhase;
			buildActionMask = 2147483647;
			files = (
			);
			runOnlyForDeploymentPostprocessing = 0;
		};
/* End PBXFrameworksBuildPhase section */

/* Begin PBXGroup section */
		4D1F758229CA265100724C58 /* view */ = {
			isa = PBXGroup;
			children = (
				4DC4937C29D5F0C300653B0D /* SplashView.swift */,
				88CA687B29D62DCE00986D90 /* Home */,
				88CA687D29D62DE000986D90 /* Historic */,
				88CA687C29D62DD500986D90 /* Info */,
				4D9EE8E029C8EDBE0046483A /* ContentView.swift */,
			);
			path = view;
			sourceTree = "<group>";
		};
		4D9EE8D229C8EDBE0046483A = {
			isa = PBXGroup;
			children = (
				4D9EE8DD29C8EDBE0046483A /* miniChallenge3 */,
				4D9EE8F429C8EDC00046483A /* miniChallenge3Tests */,
				4D9EE8FE29C8EDC00046483A /* miniChallenge3UITests */,
				4D9EE8DC29C8EDBE0046483A /* Products */,
			);
			sourceTree = "<group>";
		};
		4D9EE8DC29C8EDBE0046483A /* Products */ = {
			isa = PBXGroup;
			children = (
				4D9EE8DB29C8EDBE0046483A /* miniChallenge3.app */,
				4D9EE8F129C8EDC00046483A /* miniChallenge3Tests.xctest */,
				4D9EE8FB29C8EDC00046483A /* miniChallenge3UITests.xctest */,
			);
			name = Products;
			sourceTree = "<group>";
		};
		4D9EE8DD29C8EDBE0046483A /* miniChallenge3 */ = {
			isa = PBXGroup;
			children = (
				4D9EE91329C90EC30046483A /* miniChallenge3.entitlements */,
				4D9EE8DE29C8EDBE0046483A /* miniChallenge3App.swift */,
				4D1F758229CA265100724C58 /* view */,
				4D9EE91229C8EEB20046483A /* components */,
				4D9EE91129C8EE9A0046483A /* viewModel */,
				4D9EE91029C8EE8C0046483A /* model */,
				4D9EE8E229C8EDC00046483A /* Assets.xcassets */,
				4D9EE8EC29C8EDC00046483A /* Info.plist */,
				4D9EE8E429C8EDC00046483A /* Preview Content */,
			);
			path = miniChallenge3;
			sourceTree = "<group>";
		};
		4D9EE8E429C8EDC00046483A /* Preview Content */ = {
			isa = PBXGroup;
			children = (
				4D9EE8E529C8EDC00046483A /* Preview Assets.xcassets */,
			);
			path = "Preview Content";
			sourceTree = "<group>";
		};
		4D9EE8F429C8EDC00046483A /* miniChallenge3Tests */ = {
			isa = PBXGroup;
			children = (
				4D9EE8F529C8EDC00046483A /* miniChallenge3Tests.swift */,
			);
			path = miniChallenge3Tests;
			sourceTree = "<group>";
		};
		4D9EE8FE29C8EDC00046483A /* miniChallenge3UITests */ = {
			isa = PBXGroup;
			children = (
				4D9EE8FF29C8EDC00046483A /* miniChallenge3UITests.swift */,
				4D9EE90129C8EDC00046483A /* miniChallenge3UITestsLaunchTests.swift */,
			);
			path = miniChallenge3UITests;
			sourceTree = "<group>";
		};
		4D9EE91029C8EE8C0046483A /* model */ = {
			isa = PBXGroup;
			children = (
				4D9EE8E929C8EDC00046483A /* miniChallenge3.xcdatamodeld */,
				4D9EE8E729C8EDC00046483A /* Persistence.swift */,
			);
			path = model;
			sourceTree = "<group>";
		};
		4D9EE91129C8EE9A0046483A /* viewModel */ = {
			isa = PBXGroup;
			children = (
				88E0780629D2164200856256 /* DataModelManager.swift */,
				19C09F4A29D5349100CB2021 /* PhotoImporter.swift */,
				4DC4937629D38B2000653B0D /* SpecialtyList.swift */,
				88CD5DAF29D77CAA00400CF8 /* HistoricVM.swift */,
			);
			path = viewModel;
			sourceTree = "<group>";
		};
		4D9EE91229C8EEB20046483A /* components */ = {
			isa = PBXGroup;
			children = (
				1924499A29CCDE940025FE8F /* ActionButton.swift */,
				4D1F759529CCE1DE00724C58 /* AddButton.swift */,
				1927E21729C9013900BE7BAD /* CardAppointment.swift */,
				88CA687629D4777800986D90 /* AppointmentRowView.swift */,
				8832B9C929CA2838009B9FF7 /* CircleButton.swift */,
				8832B9C729CA2787009B9FF7 /* CustomTabBar.swift */,
				1924499C29CCEFFC0025FE8F /* DadosConsultaText.swift */,
				192B30D229CA3A89008280E4 /* DateCard.swift */,
				191465FC29CE4C8400EE9A6B /* DataColor.swift */,
				4D1F759729CCEA1100724C58 /* DatePickerComponent.swift */,
				192B30D429CA4028008280E4 /* DetailCard.swift */,
				4D9EE91429CA1DC60046483A /* RectangleButton.swift */,
				4D1F759329CCBB5500724C58 /* TextFieldCustom.swift */,
				4DC4937429D38A4F00653B0D /* PickerComponent.swift */,
				191465FA29CE3C7C00EE9A6B /* TextStyle.swift */,
				4DC4937829D38F8800653B0D /* SquareButton.swift */,
			);
			path = components;
			sourceTree = "<group>";
		};
		88CA687B29D62DCE00986D90 /* Home */ = {
			isa = PBXGroup;
			children = (
				4D1F759129CCB97700724C58 /* AddConsultaView.swift */,
				1924499829CCDE1D0025FE8F /* ConsultasSheetView.swift */,
				19C185C729CBA9A000F3A95C /* ConsultasView.swift */,
				4D3E2ED929D246BE00F635B8 /* EditarView.swift */,
			);
			path = Home;
			sourceTree = "<group>";
		};
		88CA687C29D62DD500986D90 /* Info */ = {
			isa = PBXGroup;
			children = (
				4D1F758329CA2B2300724C58 /* InfoView.swift */,
				4D1F758B29CA51CF00724C58 /* ConfiguracoesView.swift */,
				4D1F758929CA51C200724C58 /* ContatoView.swift */,
				4D1F758729CA51B500724C58 /* PrivacidadeView.swift */,
				4D1F758529CA513700724C58 /* TermosView.swift */,
			);
			path = Info;
			sourceTree = "<group>";
		};
		88CA687D29D62DE000986D90 /* Historic */ = {
			isa = PBXGroup;
			children = (
				4DC4937A29D4B50B00653B0D /* DetalheHistoricoView.swift */,
				4D1F758F29CB986300724C58 /* HistoricoView.swift */,
			);
			path = Historic;
			sourceTree = "<group>";
		};
/* End PBXGroup section */

/* Begin PBXNativeTarget section */
		4D9EE8DA29C8EDBE0046483A /* miniChallenge3 */ = {
			isa = PBXNativeTarget;
			buildConfigurationList = 4D9EE90529C8EDC00046483A /* Build configuration list for PBXNativeTarget "miniChallenge3" */;
			buildPhases = (
				4D9EE8D729C8EDBE0046483A /* Sources */,
				4D9EE8D829C8EDBE0046483A /* Frameworks */,
				4D9EE8D929C8EDBE0046483A /* Resources */,
			);
			buildRules = (
			);
			dependencies = (
			);
			name = miniChallenge3;
			productName = miniChallenge3;
			productReference = 4D9EE8DB29C8EDBE0046483A /* miniChallenge3.app */;
			productType = "com.apple.product-type.application";
		};
		4D9EE8F029C8EDC00046483A /* miniChallenge3Tests */ = {
			isa = PBXNativeTarget;
			buildConfigurationList = 4D9EE90829C8EDC00046483A /* Build configuration list for PBXNativeTarget "miniChallenge3Tests" */;
			buildPhases = (
				4D9EE8ED29C8EDC00046483A /* Sources */,
				4D9EE8EE29C8EDC00046483A /* Frameworks */,
				4D9EE8EF29C8EDC00046483A /* Resources */,
			);
			buildRules = (
			);
			dependencies = (
				4D9EE8F329C8EDC00046483A /* PBXTargetDependency */,
			);
			name = miniChallenge3Tests;
			productName = miniChallenge3Tests;
			productReference = 4D9EE8F129C8EDC00046483A /* miniChallenge3Tests.xctest */;
			productType = "com.apple.product-type.bundle.unit-test";
		};
		4D9EE8FA29C8EDC00046483A /* miniChallenge3UITests */ = {
			isa = PBXNativeTarget;
			buildConfigurationList = 4D9EE90B29C8EDC00046483A /* Build configuration list for PBXNativeTarget "miniChallenge3UITests" */;
			buildPhases = (
				4D9EE8F729C8EDC00046483A /* Sources */,
				4D9EE8F829C8EDC00046483A /* Frameworks */,
				4D9EE8F929C8EDC00046483A /* Resources */,
			);
			buildRules = (
			);
			dependencies = (
				4D9EE8FD29C8EDC00046483A /* PBXTargetDependency */,
			);
			name = miniChallenge3UITests;
			productName = miniChallenge3UITests;
			productReference = 4D9EE8FB29C8EDC00046483A /* miniChallenge3UITests.xctest */;
			productType = "com.apple.product-type.bundle.ui-testing";
		};
/* End PBXNativeTarget section */

/* Begin PBXProject section */
		4D9EE8D329C8EDBE0046483A /* Project object */ = {
			isa = PBXProject;
			attributes = {
				BuildIndependentTargetsInParallel = 1;
				LastSwiftUpdateCheck = 1410;
				LastUpgradeCheck = 1410;
				TargetAttributes = {
					4D9EE8DA29C8EDBE0046483A = {
						CreatedOnToolsVersion = 14.1;
					};
					4D9EE8F029C8EDC00046483A = {
						CreatedOnToolsVersion = 14.1;
						TestTargetID = 4D9EE8DA29C8EDBE0046483A;
					};
					4D9EE8FA29C8EDC00046483A = {
						CreatedOnToolsVersion = 14.1;
						TestTargetID = 4D9EE8DA29C8EDBE0046483A;
					};
				};
			};
			buildConfigurationList = 4D9EE8D629C8EDBE0046483A /* Build configuration list for PBXProject "miniChallenge3" */;
			compatibilityVersion = "Xcode 14.0";
			developmentRegion = en;
			hasScannedForEncodings = 0;
			knownRegions = (
				en,
				Base,
			);
			mainGroup = 4D9EE8D229C8EDBE0046483A;
			productRefGroup = 4D9EE8DC29C8EDBE0046483A /* Products */;
			projectDirPath = "";
			projectRoot = "";
			targets = (
				4D9EE8DA29C8EDBE0046483A /* miniChallenge3 */,
				4D9EE8F029C8EDC00046483A /* miniChallenge3Tests */,
				4D9EE8FA29C8EDC00046483A /* miniChallenge3UITests */,
			);
		};
/* End PBXProject section */

/* Begin PBXResourcesBuildPhase section */
		4D9EE8D929C8EDBE0046483A /* Resources */ = {
			isa = PBXResourcesBuildPhase;
			buildActionMask = 2147483647;
			files = (
				4D9EE8E629C8EDC00046483A /* Preview Assets.xcassets in Resources */,
				4D9EE8E329C8EDC00046483A /* Assets.xcassets in Resources */,
			);
			runOnlyForDeploymentPostprocessing = 0;
		};
		4D9EE8EF29C8EDC00046483A /* Resources */ = {
			isa = PBXResourcesBuildPhase;
			buildActionMask = 2147483647;
			files = (
			);
			runOnlyForDeploymentPostprocessing = 0;
		};
		4D9EE8F929C8EDC00046483A /* Resources */ = {
			isa = PBXResourcesBuildPhase;
			buildActionMask = 2147483647;
			files = (
			);
			runOnlyForDeploymentPostprocessing = 0;
		};
/* End PBXResourcesBuildPhase section */

/* Begin PBXSourcesBuildPhase section */
		4D9EE8D729C8EDBE0046483A /* Sources */ = {
			isa = PBXSourcesBuildPhase;
			buildActionMask = 2147483647;
			files = (
				4D1F758629CA513700724C58 /* TermosView.swift in Sources */,
				4D1F759029CB986300724C58 /* HistoricoView.swift in Sources */,
				4D1F759229CCB97700724C58 /* AddConsultaView.swift in Sources */,
				4DC4937B29D4B50B00653B0D /* DetalheHistoricoView.swift in Sources */,
				19C09F4B29D5349100CB2021 /* PhotoImporter.swift in Sources */,
				88E0780729D2164200856256 /* DataModelManager.swift in Sources */,
				4DC4937729D38B2000653B0D /* SpecialtyList.swift in Sources */,
				88CD5DB029D77CAA00400CF8 /* HistoricVM.swift in Sources */,
				4D1F759629CCE1DE00724C58 /* AddButton.swift in Sources */,
				4D1F759429CCBB5500724C58 /* TextFieldCustom.swift in Sources */,
				4D9EE91529CA1DC60046483A /* RectangleButton.swift in Sources */,
				4DC4937529D38A4F00653B0D /* PickerComponent.swift in Sources */,
				1924499D29CCEFFC0025FE8F /* DadosConsultaText.swift in Sources */,
				4D1F758829CA51B500724C58 /* PrivacidadeView.swift in Sources */,
				4D9EE8E829C8EDC00046483A /* Persistence.swift in Sources */,
				4D1F759829CCEA1100724C58 /* DatePickerComponent.swift in Sources */,
				8832B9CA29CA2838009B9FF7 /* CircleButton.swift in Sources */,
				8832B9CA29CA2838009B9FF7 /* CircleButton.swift in Sources */,
				1924499929CCDE1D0025FE8F /* ConsultasSheetView.swift in Sources */,
				19C185C829CBA9A000F3A95C /* ConsultasView.swift in Sources */,
				191465FD29CE4C8400EE9A6B /* DataColor.swift in Sources */,
				8832B9C829CA2787009B9FF7 /* CustomTabBar.swift in Sources */,
				1927E21829C9013900BE7BAD /* CardAppointment.swift in Sources */,
				191465FB29CE3C7C00EE9A6B /* TextStyle.swift in Sources */,
				4D3E2EDA29D246BE00F635B8 /* EditarView.swift in Sources */,
				4D9EE8E129C8EDBE0046483A /* ContentView.swift in Sources */,
				4D1F758A29CA51C200724C58 /* ContatoView.swift in Sources */,
				4D1F758C29CA51CF00724C58 /* ConfiguracoesView.swift in Sources */,
				192B30D529CA4028008280E4 /* DetailCard.swift in Sources */,
				4DC4937929D38F8800653B0D /* SquareButton.swift in Sources */,
				192B30D329CA3A89008280E4 /* DateCard.swift in Sources */,
				4D9EE8EB29C8EDC00046483A /* miniChallenge3.xcdatamodeld in Sources */,
				88CA687729D4777800986D90 /* AppointmentRowView.swift in Sources */,
				4DC4937D29D5F0C300653B0D /* SplashView.swift in Sources */,
				4D9EE8DF29C8EDBE0046483A /* miniChallenge3App.swift in Sources */,
				4D1F758429CA2B2300724C58 /* InfoView.swift in Sources */,
				1924499B29CCDE940025FE8F /* ActionButton.swift in Sources */,
			);
			runOnlyForDeploymentPostprocessing = 0;
		};
		4D9EE8ED29C8EDC00046483A /* Sources */ = {
			isa = PBXSourcesBuildPhase;
			buildActionMask = 2147483647;
			files = (
				4D9EE8F629C8EDC00046483A /* miniChallenge3Tests.swift in Sources */,
			);
			runOnlyForDeploymentPostprocessing = 0;
		};
		4D9EE8F729C8EDC00046483A /* Sources */ = {
			isa = PBXSourcesBuildPhase;
			buildActionMask = 2147483647;
			files = (
				4D9EE90029C8EDC00046483A /* miniChallenge3UITests.swift in Sources */,
				4D9EE90229C8EDC00046483A /* miniChallenge3UITestsLaunchTests.swift in Sources */,
			);
			runOnlyForDeploymentPostprocessing = 0;
		};
/* End PBXSourcesBuildPhase section */

/* Begin PBXTargetDependency section */
		4D9EE8F329C8EDC00046483A /* PBXTargetDependency */ = {
			isa = PBXTargetDependency;
			target = 4D9EE8DA29C8EDBE0046483A /* miniChallenge3 */;
			targetProxy = 4D9EE8F229C8EDC00046483A /* PBXContainerItemProxy */;
		};
		4D9EE8FD29C8EDC00046483A /* PBXTargetDependency */ = {
			isa = PBXTargetDependency;
			target = 4D9EE8DA29C8EDBE0046483A /* miniChallenge3 */;
			targetProxy = 4D9EE8FC29C8EDC00046483A /* PBXContainerItemProxy */;
		};
/* End PBXTargetDependency section */

/* Begin XCBuildConfiguration section */
		4D9EE90329C8EDC00046483A /* Debug */ = {
			isa = XCBuildConfiguration;
			buildSettings = {
				ALWAYS_SEARCH_USER_PATHS = NO;
				CLANG_ANALYZER_NONNULL = YES;
				CLANG_ANALYZER_NUMBER_OBJECT_CONVERSION = YES_AGGRESSIVE;
				CLANG_CXX_LANGUAGE_STANDARD = "gnu++20";
				CLANG_ENABLE_MODULES = YES;
				CLANG_ENABLE_OBJC_ARC = YES;
				CLANG_ENABLE_OBJC_WEAK = YES;
				CLANG_WARN_BLOCK_CAPTURE_AUTORELEASING = YES;
				CLANG_WARN_BOOL_CONVERSION = YES;
				CLANG_WARN_COMMA = YES;
				CLANG_WARN_CONSTANT_CONVERSION = YES;
				CLANG_WARN_DEPRECATED_OBJC_IMPLEMENTATIONS = YES;
				CLANG_WARN_DIRECT_OBJC_ISA_USAGE = YES_ERROR;
				CLANG_WARN_DOCUMENTATION_COMMENTS = YES;
				CLANG_WARN_EMPTY_BODY = YES;
				CLANG_WARN_ENUM_CONVERSION = YES;
				CLANG_WARN_INFINITE_RECURSION = YES;
				CLANG_WARN_INT_CONVERSION = YES;
				CLANG_WARN_NON_LITERAL_NULL_CONVERSION = YES;
				CLANG_WARN_OBJC_IMPLICIT_RETAIN_SELF = YES;
				CLANG_WARN_OBJC_LITERAL_CONVERSION = YES;
				CLANG_WARN_OBJC_ROOT_CLASS = YES_ERROR;
				CLANG_WARN_QUOTED_INCLUDE_IN_FRAMEWORK_HEADER = YES;
				CLANG_WARN_RANGE_LOOP_ANALYSIS = YES;
				CLANG_WARN_STRICT_PROTOTYPES = YES;
				CLANG_WARN_SUSPICIOUS_MOVE = YES;
				CLANG_WARN_UNGUARDED_AVAILABILITY = YES_AGGRESSIVE;
				CLANG_WARN_UNREACHABLE_CODE = YES;
				CLANG_WARN__DUPLICATE_METHOD_MATCH = YES;
				COPY_PHASE_STRIP = NO;
				DEBUG_INFORMATION_FORMAT = dwarf;
				ENABLE_STRICT_OBJC_MSGSEND = YES;
				ENABLE_TESTABILITY = YES;
				GCC_C_LANGUAGE_STANDARD = gnu11;
				GCC_DYNAMIC_NO_PIC = NO;
				GCC_NO_COMMON_BLOCKS = YES;
				GCC_OPTIMIZATION_LEVEL = 0;
				GCC_PREPROCESSOR_DEFINITIONS = (
					"DEBUG=1",
					"$(inherited)",
				);
				GCC_WARN_64_TO_32_BIT_CONVERSION = YES;
				GCC_WARN_ABOUT_RETURN_TYPE = YES_ERROR;
				GCC_WARN_UNDECLARED_SELECTOR = YES;
				GCC_WARN_UNINITIALIZED_AUTOS = YES_AGGRESSIVE;
				GCC_WARN_UNUSED_FUNCTION = YES;
				GCC_WARN_UNUSED_VARIABLE = YES;
				IPHONEOS_DEPLOYMENT_TARGET = 16.1;
				MTL_ENABLE_DEBUG_INFO = INCLUDE_SOURCE;
				MTL_FAST_MATH = YES;
				ONLY_ACTIVE_ARCH = YES;
				SDKROOT = iphoneos;
				SWIFT_ACTIVE_COMPILATION_CONDITIONS = DEBUG;
				SWIFT_OPTIMIZATION_LEVEL = "-Onone";
			};
			name = Debug;
		};
		4D9EE90429C8EDC00046483A /* Release */ = {
			isa = XCBuildConfiguration;
			buildSettings = {
				ALWAYS_SEARCH_USER_PATHS = NO;
				CLANG_ANALYZER_NONNULL = YES;
				CLANG_ANALYZER_NUMBER_OBJECT_CONVERSION = YES_AGGRESSIVE;
				CLANG_CXX_LANGUAGE_STANDARD = "gnu++20";
				CLANG_ENABLE_MODULES = YES;
				CLANG_ENABLE_OBJC_ARC = YES;
				CLANG_ENABLE_OBJC_WEAK = YES;
				CLANG_WARN_BLOCK_CAPTURE_AUTORELEASING = YES;
				CLANG_WARN_BOOL_CONVERSION = YES;
				CLANG_WARN_COMMA = YES;
				CLANG_WARN_CONSTANT_CONVERSION = YES;
				CLANG_WARN_DEPRECATED_OBJC_IMPLEMENTATIONS = YES;
				CLANG_WARN_DIRECT_OBJC_ISA_USAGE = YES_ERROR;
				CLANG_WARN_DOCUMENTATION_COMMENTS = YES;
				CLANG_WARN_EMPTY_BODY = YES;
				CLANG_WARN_ENUM_CONVERSION = YES;
				CLANG_WARN_INFINITE_RECURSION = YES;
				CLANG_WARN_INT_CONVERSION = YES;
				CLANG_WARN_NON_LITERAL_NULL_CONVERSION = YES;
				CLANG_WARN_OBJC_IMPLICIT_RETAIN_SELF = YES;
				CLANG_WARN_OBJC_LITERAL_CONVERSION = YES;
				CLANG_WARN_OBJC_ROOT_CLASS = YES_ERROR;
				CLANG_WARN_QUOTED_INCLUDE_IN_FRAMEWORK_HEADER = YES;
				CLANG_WARN_RANGE_LOOP_ANALYSIS = YES;
				CLANG_WARN_STRICT_PROTOTYPES = YES;
				CLANG_WARN_SUSPICIOUS_MOVE = YES;
				CLANG_WARN_UNGUARDED_AVAILABILITY = YES_AGGRESSIVE;
				CLANG_WARN_UNREACHABLE_CODE = YES;
				CLANG_WARN__DUPLICATE_METHOD_MATCH = YES;
				COPY_PHASE_STRIP = NO;
				DEBUG_INFORMATION_FORMAT = "dwarf-with-dsym";
				ENABLE_NS_ASSERTIONS = NO;
				ENABLE_STRICT_OBJC_MSGSEND = YES;
				GCC_C_LANGUAGE_STANDARD = gnu11;
				GCC_NO_COMMON_BLOCKS = YES;
				GCC_WARN_64_TO_32_BIT_CONVERSION = YES;
				GCC_WARN_ABOUT_RETURN_TYPE = YES_ERROR;
				GCC_WARN_UNDECLARED_SELECTOR = YES;
				GCC_WARN_UNINITIALIZED_AUTOS = YES_AGGRESSIVE;
				GCC_WARN_UNUSED_FUNCTION = YES;
				GCC_WARN_UNUSED_VARIABLE = YES;
				IPHONEOS_DEPLOYMENT_TARGET = 16.1;
				MTL_ENABLE_DEBUG_INFO = NO;
				MTL_FAST_MATH = YES;
				SDKROOT = iphoneos;
				SWIFT_COMPILATION_MODE = wholemodule;
				SWIFT_OPTIMIZATION_LEVEL = "-O";
				VALIDATE_PRODUCT = YES;
			};
			name = Release;
		};
		4D9EE90629C8EDC00046483A /* Debug */ = {
			isa = XCBuildConfiguration;
			buildSettings = {
				ASSETCATALOG_COMPILER_APPICON_NAME = AppIcon;
				ASSETCATALOG_COMPILER_GLOBAL_ACCENT_COLOR_NAME = AccentColor;
				CODE_SIGN_ENTITLEMENTS = miniChallenge3/miniChallenge3.entitlements;
				CODE_SIGN_IDENTITY = "Apple Development";
				CODE_SIGN_STYLE = Automatic;
				CURRENT_PROJECT_VERSION = 1;
				DEVELOPMENT_ASSET_PATHS = "\"miniChallenge3/Preview Content\"";
				DEVELOPMENT_TEAM = Z2T622XX3F;
				ENABLE_PREVIEWS = YES;
				GENERATE_INFOPLIST_FILE = YES;
				INFOPLIST_FILE = miniChallenge3/Info.plist;
				INFOPLIST_KEY_UIApplicationSceneManifest_Generation = YES;
				INFOPLIST_KEY_UIApplicationSupportsIndirectInputEvents = YES;
				INFOPLIST_KEY_UILaunchScreen_Generation = YES;
				INFOPLIST_KEY_UISupportedInterfaceOrientations_iPad = "UIInterfaceOrientationPortrait UIInterfaceOrientationPortraitUpsideDown UIInterfaceOrientationLandscapeLeft UIInterfaceOrientationLandscapeRight";
				INFOPLIST_KEY_UISupportedInterfaceOrientations_iPhone = "UIInterfaceOrientationPortrait UIInterfaceOrientationLandscapeLeft UIInterfaceOrientationLandscapeRight";
				LD_RUNPATH_SEARCH_PATHS = (
					"$(inherited)",
					"@executable_path/Frameworks",
				);
				MARKETING_VERSION = 1.0;
				PRODUCT_BUNDLE_IDENTIFIER = rebeca.miniChallenge3;
				PRODUCT_NAME = "$(TARGET_NAME)";
				PROVISIONING_PROFILE_SPECIFIER = "";
				SWIFT_EMIT_LOC_STRINGS = YES;
				SWIFT_VERSION = 5.0;
				TARGETED_DEVICE_FAMILY = "1,2";
			};
			name = Debug;
		};
		4D9EE90729C8EDC00046483A /* Release */ = {
			isa = XCBuildConfiguration;
			buildSettings = {
				ASSETCATALOG_COMPILER_APPICON_NAME = AppIcon;
				ASSETCATALOG_COMPILER_GLOBAL_ACCENT_COLOR_NAME = AccentColor;
				CODE_SIGN_ENTITLEMENTS = miniChallenge3/miniChallenge3.entitlements;
				CODE_SIGN_IDENTITY = "Apple Development";
				CODE_SIGN_STYLE = Automatic;
				CURRENT_PROJECT_VERSION = 1;
				DEVELOPMENT_ASSET_PATHS = "\"miniChallenge3/Preview Content\"";
				DEVELOPMENT_TEAM = Z2T622XX3F;
				ENABLE_PREVIEWS = YES;
				GENERATE_INFOPLIST_FILE = YES;
				INFOPLIST_FILE = miniChallenge3/Info.plist;
				INFOPLIST_KEY_UIApplicationSceneManifest_Generation = YES;
				INFOPLIST_KEY_UIApplicationSupportsIndirectInputEvents = YES;
				INFOPLIST_KEY_UILaunchScreen_Generation = YES;
				INFOPLIST_KEY_UISupportedInterfaceOrientations_iPad = "UIInterfaceOrientationPortrait UIInterfaceOrientationPortraitUpsideDown UIInterfaceOrientationLandscapeLeft UIInterfaceOrientationLandscapeRight";
				INFOPLIST_KEY_UISupportedInterfaceOrientations_iPhone = "UIInterfaceOrientationPortrait UIInterfaceOrientationLandscapeLeft UIInterfaceOrientationLandscapeRight";
				LD_RUNPATH_SEARCH_PATHS = (
					"$(inherited)",
					"@executable_path/Frameworks",
				);
				MARKETING_VERSION = 1.0;
				PRODUCT_BUNDLE_IDENTIFIER = rebeca.miniChallenge3;
				PRODUCT_NAME = "$(TARGET_NAME)";
				PROVISIONING_PROFILE_SPECIFIER = "";
				SWIFT_EMIT_LOC_STRINGS = YES;
				SWIFT_VERSION = 5.0;
				TARGETED_DEVICE_FAMILY = "1,2";
			};
			name = Release;
		};
		4D9EE90929C8EDC00046483A /* Debug */ = {
			isa = XCBuildConfiguration;
			buildSettings = {
				ALWAYS_EMBED_SWIFT_STANDARD_LIBRARIES = YES;
				BUNDLE_LOADER = "$(TEST_HOST)";
				CODE_SIGN_STYLE = Automatic;
				CURRENT_PROJECT_VERSION = 1;
				DEVELOPMENT_TEAM = PHVL4RZ8Z5;
				GENERATE_INFOPLIST_FILE = YES;
				IPHONEOS_DEPLOYMENT_TARGET = 16.1;
				MARKETING_VERSION = 1.0;
				PRODUCT_BUNDLE_IDENTIFIER = rebeca.miniChallenge3Tests;
				PRODUCT_NAME = "$(TARGET_NAME)";
				SWIFT_EMIT_LOC_STRINGS = NO;
				SWIFT_VERSION = 5.0;
				TARGETED_DEVICE_FAMILY = "1,2";
				TEST_HOST = "$(BUILT_PRODUCTS_DIR)/miniChallenge3.app/$(BUNDLE_EXECUTABLE_FOLDER_PATH)/miniChallenge3";
			};
			name = Debug;
		};
		4D9EE90A29C8EDC00046483A /* Release */ = {
			isa = XCBuildConfiguration;
			buildSettings = {
				ALWAYS_EMBED_SWIFT_STANDARD_LIBRARIES = YES;
				BUNDLE_LOADER = "$(TEST_HOST)";
				CODE_SIGN_STYLE = Automatic;
				CURRENT_PROJECT_VERSION = 1;
				DEVELOPMENT_TEAM = PHVL4RZ8Z5;
				GENERATE_INFOPLIST_FILE = YES;
				IPHONEOS_DEPLOYMENT_TARGET = 16.1;
				MARKETING_VERSION = 1.0;
				PRODUCT_BUNDLE_IDENTIFIER = rebeca.miniChallenge3Tests;
				PRODUCT_NAME = "$(TARGET_NAME)";
				SWIFT_EMIT_LOC_STRINGS = NO;
				SWIFT_VERSION = 5.0;
				TARGETED_DEVICE_FAMILY = "1,2";
				TEST_HOST = "$(BUILT_PRODUCTS_DIR)/miniChallenge3.app/$(BUNDLE_EXECUTABLE_FOLDER_PATH)/miniChallenge3";
			};
			name = Release;
		};
		4D9EE90C29C8EDC00046483A /* Debug */ = {
			isa = XCBuildConfiguration;
			buildSettings = {
				ALWAYS_EMBED_SWIFT_STANDARD_LIBRARIES = YES;
				CODE_SIGN_STYLE = Automatic;
				CURRENT_PROJECT_VERSION = 1;
				DEVELOPMENT_TEAM = PHVL4RZ8Z5;
				GENERATE_INFOPLIST_FILE = YES;
				MARKETING_VERSION = 1.0;
				PRODUCT_BUNDLE_IDENTIFIER = rebeca.miniChallenge3UITests;
				PRODUCT_NAME = "$(TARGET_NAME)";
				SWIFT_EMIT_LOC_STRINGS = NO;
				SWIFT_VERSION = 5.0;
				TARGETED_DEVICE_FAMILY = "1,2";
				TEST_TARGET_NAME = miniChallenge3;
			};
			name = Debug;
		};
		4D9EE90D29C8EDC00046483A /* Release */ = {
			isa = XCBuildConfiguration;
			buildSettings = {
				ALWAYS_EMBED_SWIFT_STANDARD_LIBRARIES = YES;
				CODE_SIGN_STYLE = Automatic;
				CURRENT_PROJECT_VERSION = 1;
				DEVELOPMENT_TEAM = PHVL4RZ8Z5;
				GENERATE_INFOPLIST_FILE = YES;
				MARKETING_VERSION = 1.0;
				PRODUCT_BUNDLE_IDENTIFIER = rebeca.miniChallenge3UITests;
				PRODUCT_NAME = "$(TARGET_NAME)";
				SWIFT_EMIT_LOC_STRINGS = NO;
				SWIFT_VERSION = 5.0;
				TARGETED_DEVICE_FAMILY = "1,2";
				TEST_TARGET_NAME = miniChallenge3;
			};
			name = Release;
		};
/* End XCBuildConfiguration section */

/* Begin XCConfigurationList section */
		4D9EE8D629C8EDBE0046483A /* Build configuration list for PBXProject "miniChallenge3" */ = {
			isa = XCConfigurationList;
			buildConfigurations = (
				4D9EE90329C8EDC00046483A /* Debug */,
				4D9EE90429C8EDC00046483A /* Release */,
			);
			defaultConfigurationIsVisible = 0;
			defaultConfigurationName = Release;
		};
		4D9EE90529C8EDC00046483A /* Build configuration list for PBXNativeTarget "miniChallenge3" */ = {
			isa = XCConfigurationList;
			buildConfigurations = (
				4D9EE90629C8EDC00046483A /* Debug */,
				4D9EE90729C8EDC00046483A /* Release */,
			);
			defaultConfigurationIsVisible = 0;
			defaultConfigurationName = Release;
		};
		4D9EE90829C8EDC00046483A /* Build configuration list for PBXNativeTarget "miniChallenge3Tests" */ = {
			isa = XCConfigurationList;
			buildConfigurations = (
				4D9EE90929C8EDC00046483A /* Debug */,
				4D9EE90A29C8EDC00046483A /* Release */,
			);
			defaultConfigurationIsVisible = 0;
			defaultConfigurationName = Release;
		};
		4D9EE90B29C8EDC00046483A /* Build configuration list for PBXNativeTarget "miniChallenge3UITests" */ = {
			isa = XCConfigurationList;
			buildConfigurations = (
				4D9EE90C29C8EDC00046483A /* Debug */,
				4D9EE90D29C8EDC00046483A /* Release */,
			);
			defaultConfigurationIsVisible = 0;
			defaultConfigurationName = Release;
		};
/* End XCConfigurationList section */

/* Begin XCVersionGroup section */
		4D9EE8E929C8EDC00046483A /* miniChallenge3.xcdatamodeld */ = {
			isa = XCVersionGroup;
			children = (
				4D9EE8EA29C8EDC00046483A /* miniChallenge3.xcdatamodel */,
			);
			currentVersion = 4D9EE8EA29C8EDC00046483A /* miniChallenge3.xcdatamodel */;
			path = miniChallenge3.xcdatamodeld;
			sourceTree = "<group>";
			versionGroupType = wrapper.xcdatamodel;
		};
/* End XCVersionGroup section */
	};
	rootObject = 4D9EE8D329C8EDBE0046483A /* Project object */;
}
